// !$*UTF8*$!
{
	archiveVersion = 1;
	classes = {
	};
	objectVersion = 56;
	objects = {

/* Begin PBXBuildFile section */
		A91113B22C963B6A00783F1E /* AddListItemViewController.swift in Sources */ = {isa = PBXBuildFile; fileRef = A91113B12C963B6A00783F1E /* AddListItemViewController.swift */; };
		A91113B42C96430700783F1E /* AddListItemCell.swift in Sources */ = {isa = PBXBuildFile; fileRef = A91113B32C96430700783F1E /* AddListItemCell.swift */; };
		A91113B62C970FAE00783F1E /* ItemListCell.swift in Sources */ = {isa = PBXBuildFile; fileRef = A91113B52C970FAE00783F1E /* ItemListCell.swift */; };
		A91579F52B444F1D00AB6BC6 /* TDLButton.swift in Sources */ = {isa = PBXBuildFile; fileRef = A91579F42B444F1D00AB6BC6 /* TDLButton.swift */; };
		A925446329BBBD9D00F38E7C /* AppDelegate.swift in Sources */ = {isa = PBXBuildFile; fileRef = A925446229BBBD9D00F38E7C /* AppDelegate.swift */; };
		A925446529BBBD9D00F38E7C /* SceneDelegate.swift in Sources */ = {isa = PBXBuildFile; fileRef = A925446429BBBD9D00F38E7C /* SceneDelegate.swift */; };
		A925446729BBBD9D00F38E7C /* ToDoListViewController.swift in Sources */ = {isa = PBXBuildFile; fileRef = A925446629BBBD9D00F38E7C /* ToDoListViewController.swift */; };
		A925446A29BBBD9D00F38E7C /* Main.storyboard in Resources */ = {isa = PBXBuildFile; fileRef = A925446829BBBD9D00F38E7C /* Main.storyboard */; };
		A925446C29BBBD9F00F38E7C /* Assets.xcassets in Resources */ = {isa = PBXBuildFile; fileRef = A925446B29BBBD9F00F38E7C /* Assets.xcassets */; };
		A925446F29BBBD9F00F38E7C /* LaunchScreen.storyboard in Resources */ = {isa = PBXBuildFile; fileRef = A925446D29BBBD9F00F38E7C /* LaunchScreen.storyboard */; };
		A925447A29BBBD9F00F38E7C /* ToDoList_MVCTests.swift in Sources */ = {isa = PBXBuildFile; fileRef = A925447929BBBD9F00F38E7C /* ToDoList_MVCTests.swift */; };
		A925448429BBBD9F00F38E7C /* ToDoList_MVCUITests.swift in Sources */ = {isa = PBXBuildFile; fileRef = A925448329BBBD9F00F38E7C /* ToDoList_MVCUITests.swift */; };
		A925448629BBBD9F00F38E7C /* ToDoList_MVCUITestsLaunchTests.swift in Sources */ = {isa = PBXBuildFile; fileRef = A925448529BBBD9F00F38E7C /* ToDoList_MVCUITestsLaunchTests.swift */; };
		A925449629BBC50900F38E7C /* ToDoTask.swift in Sources */ = {isa = PBXBuildFile; fileRef = A925449529BBC50900F38E7C /* ToDoTask.swift */; };
		A925449829BBC5CD00F38E7C /* TaskTableViewCell.swift in Sources */ = {isa = PBXBuildFile; fileRef = A925449729BBC5CD00F38E7C /* TaskTableViewCell.swift */; };
		A925449A29BBCBCE00F38E7C /* CoreDataManager.swift in Sources */ = {isa = PBXBuildFile; fileRef = A925449929BBCBCE00F38E7C /* CoreDataManager.swift */; };
		A94745DD2B9BD8E9002DE068 /* Protocols.swift in Sources */ = {isa = PBXBuildFile; fileRef = A94745DC2B9BD8E9002DE068 /* Protocols.swift */; };
		A981360B2BD01434000B5AE2 /* TaskModel.xcdatamodeld in Sources */ = {isa = PBXBuildFile; fileRef = A925449229BBBE3300F38E7C /* TaskModel.xcdatamodeld */; };
		A981360D2BD027B0000B5AE2 /* ToDoTaskList.swift in Sources */ = {isa = PBXBuildFile; fileRef = A981360C2BD027B0000B5AE2 /* ToDoTaskList.swift */; };
		A981360F2BD02868000B5AE2 /* CoreDataGroupManager.swift in Sources */ = {isa = PBXBuildFile; fileRef = A981360E2BD02868000B5AE2 /* CoreDataGroupManager.swift */; };
		A98136112BD04630000B5AE2 /* GroupListViewController.swift in Sources */ = {isa = PBXBuildFile; fileRef = A98136102BD04630000B5AE2 /* GroupListViewController.swift */; };
		A98136132BD050B2000B5AE2 /* AddTaskCell.swift in Sources */ = {isa = PBXBuildFile; fileRef = A98136122BD050B2000B5AE2 /* AddTaskCell.swift */; };
		A98136152BD0672C000B5AE2 /* AddTaskViewController.swift in Sources */ = {isa = PBXBuildFile; fileRef = A98136142BD0672C000B5AE2 /* AddTaskViewController.swift */; };
		A98136172BD96B15000B5AE2 /* AddListViewController.swift in Sources */ = {isa = PBXBuildFile; fileRef = A98136162BD96B14000B5AE2 /* AddListViewController.swift */; };
		A98136392BDD7446000B5AE2 /* ListTableViewCell.swift in Sources */ = {isa = PBXBuildFile; fileRef = A98136382BDD7446000B5AE2 /* ListTableViewCell.swift */; };
		A981363B2BF4FC69000B5AE2 /* StatusPicker.swift in Sources */ = {isa = PBXBuildFile; fileRef = A981363A2BF4FC69000B5AE2 /* StatusPicker.swift */; };
		A98BF9EA2C6BFF51004A3505 /* TaskTableViewCellAlpha.swift in Sources */ = {isa = PBXBuildFile; fileRef = A98BF9E92C6BFF51004A3505 /* TaskTableViewCellAlpha.swift */; };
		A98BF9EC2C6C4D56004A3505 /* StatusButtonStack.swift in Sources */ = {isa = PBXBuildFile; fileRef = A98BF9EB2C6C4D56004A3505 /* StatusButtonStack.swift */; };
		A98BF9EE2C6D52DD004A3505 /* MoreButtonStack.swift in Sources */ = {isa = PBXBuildFile; fileRef = A98BF9ED2C6D52DD004A3505 /* MoreButtonStack.swift */; };
		A98BF9F02C6F81C3004A3505 /* StyleTokens.swift in Sources */ = {isa = PBXBuildFile; fileRef = A98BF9EF2C6F81C3004A3505 /* StyleTokens.swift */; };
		A98BF9F22C874553004A3505 /* ToDoItem.swift in Sources */ = {isa = PBXBuildFile; fileRef = A98BF9F12C874553004A3505 /* ToDoItem.swift */; };
		A98BF9F42C874B9A004A3505 /* TaskDetailViewControllerAlpha.swift in Sources */ = {isa = PBXBuildFile; fileRef = A98BF9F32C874B9A004A3505 /* TaskDetailViewControllerAlpha.swift */; };
		A98BF9F62C94DE39004A3505 /* AddItemCell.swift in Sources */ = {isa = PBXBuildFile; fileRef = A98BF9F52C94DE39004A3505 /* AddItemCell.swift */; };
		A98BF9F82C94DFEE004A3505 /* AddItemViewController.swift in Sources */ = {isa = PBXBuildFile; fileRef = A98BF9F72C94DFEE004A3505 /* AddItemViewController.swift */; };
		A98BF9FA2C94FBD4004A3505 /* ItemTableViewCell.swift in Sources */ = {isa = PBXBuildFile; fileRef = A98BF9F92C94FBD4004A3505 /* ItemTableViewCell.swift */; };
		A9A070C72B69B3A7005DB5E1 /* TaskDetailViewController.swift in Sources */ = {isa = PBXBuildFile; fileRef = A9A070C62B69B3A7005DB5E1 /* TaskDetailViewController.swift */; };
		A9A070CD2B6C60EA005DB5E1 /* StatusSwitcher.swift in Sources */ = {isa = PBXBuildFile; fileRef = A9A070CC2B6C60EA005DB5E1 /* StatusSwitcher.swift */; };
		A9BAD43D2BAD2EBF00C9CBF1 /* ToDoListViewModel.swift in Sources */ = {isa = PBXBuildFile; fileRef = A9BAD43C2BAD2EBF00C9CBF1 /* ToDoListViewModel.swift */; };
		A9BAD43F2BAE502C00C9CBF1 /* TaskDetailVCViewModel.swift in Sources */ = {isa = PBXBuildFile; fileRef = A9BAD43E2BAE502C00C9CBF1 /* TaskDetailVCViewModel.swift */; };
		A9BAD4452BB6FF4A00C9CBF1 /* CoreDataService.swift in Sources */ = {isa = PBXBuildFile; fileRef = A9BAD4442BB6FF4A00C9CBF1 /* CoreDataService.swift */; };
/* End PBXBuildFile section */

/* Begin PBXContainerItemProxy section */
		A925447629BBBD9F00F38E7C /* PBXContainerItemProxy */ = {
			isa = PBXContainerItemProxy;
			containerPortal = A925445729BBBD9D00F38E7C /* Project object */;
			proxyType = 1;
			remoteGlobalIDString = A925445E29BBBD9D00F38E7C;
			remoteInfo = "ToDoList-MVC";
		};
		A925448029BBBD9F00F38E7C /* PBXContainerItemProxy */ = {
			isa = PBXContainerItemProxy;
			containerPortal = A925445729BBBD9D00F38E7C /* Project object */;
			proxyType = 1;
			remoteGlobalIDString = A925445E29BBBD9D00F38E7C;
			remoteInfo = "ToDoList-MVC";
		};
/* End PBXContainerItemProxy section */

/* Begin PBXFileReference section */
		A91113B12C963B6A00783F1E /* AddListItemViewController.swift */ = {isa = PBXFileReference; lastKnownFileType = sourcecode.swift; path = AddListItemViewController.swift; sourceTree = "<group>"; };
		A91113B32C96430700783F1E /* AddListItemCell.swift */ = {isa = PBXFileReference; lastKnownFileType = sourcecode.swift; path = AddListItemCell.swift; sourceTree = "<group>"; };
		A91113B52C970FAE00783F1E /* ItemListCell.swift */ = {isa = PBXFileReference; lastKnownFileType = sourcecode.swift; path = ItemListCell.swift; sourceTree = "<group>"; };
		A91579F42B444F1D00AB6BC6 /* TDLButton.swift */ = {isa = PBXFileReference; lastKnownFileType = sourcecode.swift; path = TDLButton.swift; sourceTree = "<group>"; };
		A925445F29BBBD9D00F38E7C /* ToDoList.app */ = {isa = PBXFileReference; explicitFileType = wrapper.application; includeInIndex = 0; path = ToDoList.app; sourceTree = BUILT_PRODUCTS_DIR; };
		A925446229BBBD9D00F38E7C /* AppDelegate.swift */ = {isa = PBXFileReference; lastKnownFileType = sourcecode.swift; path = AppDelegate.swift; sourceTree = "<group>"; };
		A925446429BBBD9D00F38E7C /* SceneDelegate.swift */ = {isa = PBXFileReference; lastKnownFileType = sourcecode.swift; path = SceneDelegate.swift; sourceTree = "<group>"; };
		A925446629BBBD9D00F38E7C /* ToDoListViewController.swift */ = {isa = PBXFileReference; lastKnownFileType = sourcecode.swift; path = ToDoListViewController.swift; sourceTree = "<group>"; };
		A925446929BBBD9D00F38E7C /* Base */ = {isa = PBXFileReference; lastKnownFileType = file.storyboard; name = Base; path = Base.lproj/Main.storyboard; sourceTree = "<group>"; };
		A925446B29BBBD9F00F38E7C /* Assets.xcassets */ = {isa = PBXFileReference; lastKnownFileType = folder.assetcatalog; path = Assets.xcassets; sourceTree = "<group>"; };
		A925446E29BBBD9F00F38E7C /* Base */ = {isa = PBXFileReference; lastKnownFileType = file.storyboard; name = Base; path = Base.lproj/LaunchScreen.storyboard; sourceTree = "<group>"; };
		A925447029BBBD9F00F38E7C /* Info.plist */ = {isa = PBXFileReference; lastKnownFileType = text.plist.xml; path = Info.plist; sourceTree = "<group>"; };
		A925447529BBBD9F00F38E7C /* ToDoListTests.xctest */ = {isa = PBXFileReference; explicitFileType = wrapper.cfbundle; includeInIndex = 0; path = ToDoListTests.xctest; sourceTree = BUILT_PRODUCTS_DIR; };
		A925447929BBBD9F00F38E7C /* ToDoList_MVCTests.swift */ = {isa = PBXFileReference; lastKnownFileType = sourcecode.swift; path = ToDoList_MVCTests.swift; sourceTree = "<group>"; };
		A925447F29BBBD9F00F38E7C /* ToDoListUITests.xctest */ = {isa = PBXFileReference; explicitFileType = wrapper.cfbundle; includeInIndex = 0; path = ToDoListUITests.xctest; sourceTree = BUILT_PRODUCTS_DIR; };
		A925448329BBBD9F00F38E7C /* ToDoList_MVCUITests.swift */ = {isa = PBXFileReference; lastKnownFileType = sourcecode.swift; path = ToDoList_MVCUITests.swift; sourceTree = "<group>"; };
		A925448529BBBD9F00F38E7C /* ToDoList_MVCUITestsLaunchTests.swift */ = {isa = PBXFileReference; lastKnownFileType = sourcecode.swift; path = ToDoList_MVCUITestsLaunchTests.swift; sourceTree = "<group>"; };
		A925449329BBBE3300F38E7C /* Task.xcdatamodel */ = {isa = PBXFileReference; lastKnownFileType = wrapper.xcdatamodel; path = Task.xcdatamodel; sourceTree = "<group>"; };
		A925449529BBC50900F38E7C /* ToDoTask.swift */ = {isa = PBXFileReference; lastKnownFileType = sourcecode.swift; path = ToDoTask.swift; sourceTree = "<group>"; };
		A925449729BBC5CD00F38E7C /* TaskTableViewCell.swift */ = {isa = PBXFileReference; lastKnownFileType = sourcecode.swift; path = TaskTableViewCell.swift; sourceTree = "<group>"; };
		A925449929BBCBCE00F38E7C /* CoreDataManager.swift */ = {isa = PBXFileReference; lastKnownFileType = sourcecode.swift; path = CoreDataManager.swift; sourceTree = "<group>"; };
		A94745DC2B9BD8E9002DE068 /* Protocols.swift */ = {isa = PBXFileReference; lastKnownFileType = sourcecode.swift; path = Protocols.swift; sourceTree = "<group>"; };
		A981360C2BD027B0000B5AE2 /* ToDoTaskList.swift */ = {isa = PBXFileReference; lastKnownFileType = sourcecode.swift; path = ToDoTaskList.swift; sourceTree = "<group>"; };
		A981360E2BD02868000B5AE2 /* CoreDataGroupManager.swift */ = {isa = PBXFileReference; lastKnownFileType = sourcecode.swift; path = CoreDataGroupManager.swift; sourceTree = "<group>"; };
		A98136102BD04630000B5AE2 /* GroupListViewController.swift */ = {isa = PBXFileReference; lastKnownFileType = sourcecode.swift; path = GroupListViewController.swift; sourceTree = "<group>"; };
		A98136122BD050B2000B5AE2 /* AddTaskCell.swift */ = {isa = PBXFileReference; lastKnownFileType = sourcecode.swift; path = AddTaskCell.swift; sourceTree = "<group>"; };
		A98136142BD0672C000B5AE2 /* AddTaskViewController.swift */ = {isa = PBXFileReference; lastKnownFileType = sourcecode.swift; path = AddTaskViewController.swift; sourceTree = "<group>"; };
		A98136162BD96B14000B5AE2 /* AddListViewController.swift */ = {isa = PBXFileReference; lastKnownFileType = sourcecode.swift; path = AddListViewController.swift; sourceTree = "<group>"; };
		A98136382BDD7446000B5AE2 /* ListTableViewCell.swift */ = {isa = PBXFileReference; lastKnownFileType = sourcecode.swift; path = ListTableViewCell.swift; sourceTree = "<group>"; };
		A981363A2BF4FC69000B5AE2 /* StatusPicker.swift */ = {isa = PBXFileReference; lastKnownFileType = sourcecode.swift; path = StatusPicker.swift; sourceTree = "<group>"; };
		A98BF9E92C6BFF51004A3505 /* TaskTableViewCellAlpha.swift */ = {isa = PBXFileReference; lastKnownFileType = sourcecode.swift; path = TaskTableViewCellAlpha.swift; sourceTree = "<group>"; };
		A98BF9EB2C6C4D56004A3505 /* StatusButtonStack.swift */ = {isa = PBXFileReference; lastKnownFileType = sourcecode.swift; path = StatusButtonStack.swift; sourceTree = "<group>"; };
		A98BF9ED2C6D52DD004A3505 /* MoreButtonStack.swift */ = {isa = PBXFileReference; lastKnownFileType = sourcecode.swift; path = MoreButtonStack.swift; sourceTree = "<group>"; };
		A98BF9EF2C6F81C3004A3505 /* StyleTokens.swift */ = {isa = PBXFileReference; lastKnownFileType = sourcecode.swift; path = StyleTokens.swift; sourceTree = "<group>"; };
		A98BF9F12C874553004A3505 /* ToDoItem.swift */ = {isa = PBXFileReference; lastKnownFileType = sourcecode.swift; path = ToDoItem.swift; sourceTree = "<group>"; };
		A98BF9F32C874B9A004A3505 /* TaskDetailViewControllerAlpha.swift */ = {isa = PBXFileReference; lastKnownFileType = sourcecode.swift; path = TaskDetailViewControllerAlpha.swift; sourceTree = "<group>"; };
		A98BF9F52C94DE39004A3505 /* AddItemCell.swift */ = {isa = PBXFileReference; lastKnownFileType = sourcecode.swift; path = AddItemCell.swift; sourceTree = "<group>"; };
		A98BF9F72C94DFEE004A3505 /* AddItemViewController.swift */ = {isa = PBXFileReference; lastKnownFileType = sourcecode.swift; path = AddItemViewController.swift; sourceTree = "<group>"; };
		A98BF9F92C94FBD4004A3505 /* ItemTableViewCell.swift */ = {isa = PBXFileReference; lastKnownFileType = sourcecode.swift; path = ItemTableViewCell.swift; sourceTree = "<group>"; };
		A9A070C62B69B3A7005DB5E1 /* TaskDetailViewController.swift */ = {isa = PBXFileReference; lastKnownFileType = sourcecode.swift; path = TaskDetailViewController.swift; sourceTree = "<group>"; };
		A9A070CC2B6C60EA005DB5E1 /* StatusSwitcher.swift */ = {isa = PBXFileReference; lastKnownFileType = sourcecode.swift; path = StatusSwitcher.swift; sourceTree = "<group>"; };
		A9BAD43C2BAD2EBF00C9CBF1 /* ToDoListViewModel.swift */ = {isa = PBXFileReference; lastKnownFileType = sourcecode.swift; path = ToDoListViewModel.swift; sourceTree = "<group>"; };
		A9BAD43E2BAE502C00C9CBF1 /* TaskDetailVCViewModel.swift */ = {isa = PBXFileReference; lastKnownFileType = sourcecode.swift; path = TaskDetailVCViewModel.swift; sourceTree = "<group>"; };
		A9BAD4442BB6FF4A00C9CBF1 /* CoreDataService.swift */ = {isa = PBXFileReference; lastKnownFileType = sourcecode.swift; path = CoreDataService.swift; sourceTree = "<group>"; };
/* End PBXFileReference section */

/* Begin PBXFrameworksBuildPhase section */
		A925445C29BBBD9D00F38E7C /* Frameworks */ = {
			isa = PBXFrameworksBuildPhase;
			buildActionMask = 2147483647;
			files = (
			);
			runOnlyForDeploymentPostprocessing = 0;
		};
		A925447229BBBD9F00F38E7C /* Frameworks */ = {
			isa = PBXFrameworksBuildPhase;
			buildActionMask = 2147483647;
			files = (
			);
			runOnlyForDeploymentPostprocessing = 0;
		};
		A925447C29BBBD9F00F38E7C /* Frameworks */ = {
			isa = PBXFrameworksBuildPhase;
			buildActionMask = 2147483647;
			files = (
			);
			runOnlyForDeploymentPostprocessing = 0;
		};
/* End PBXFrameworksBuildPhase section */

/* Begin PBXGroup section */
		A925445629BBBD9D00F38E7C = {
			isa = PBXGroup;
			children = (
				A925446129BBBD9D00F38E7C /* ToDoList */,
				A925447829BBBD9F00F38E7C /* ToDoListTests */,
				A925448229BBBD9F00F38E7C /* ToDoListUITests */,
				A925446029BBBD9D00F38E7C /* Products */,
			);
			sourceTree = "<group>";
		};
		A925446029BBBD9D00F38E7C /* Products */ = {
			isa = PBXGroup;
			children = (
				A925445F29BBBD9D00F38E7C /* ToDoList.app */,
				A925447529BBBD9F00F38E7C /* ToDoListTests.xctest */,
				A925447F29BBBD9F00F38E7C /* ToDoListUITests.xctest */,
			);
			name = Products;
			sourceTree = "<group>";
		};
		A925446129BBBD9D00F38E7C /* ToDoList */ = {
			isa = PBXGroup;
			children = (
				A94745E02B9BD910002DE068 /* MainView */,
				A94745E42B9BD939002DE068 /* DetailView */,
				A94745E52B9D1ABA002DE068 /* UIComponents */,
				A9A070C82B69F0E6005DB5E1 /* Model */,
				A925446229BBBD9D00F38E7C /* AppDelegate.swift */,
				A9BAD4442BB6FF4A00C9CBF1 /* CoreDataService.swift */,
				A9A070C92B69F0F3005DB5E1 /* Services */,
				A925446429BBBD9D00F38E7C /* SceneDelegate.swift */,
				A94745DC2B9BD8E9002DE068 /* Protocols.swift */,
				A925446829BBBD9D00F38E7C /* Main.storyboard */,
				A925446B29BBBD9F00F38E7C /* Assets.xcassets */,
				A925446D29BBBD9F00F38E7C /* LaunchScreen.storyboard */,
				A925447029BBBD9F00F38E7C /* Info.plist */,
				A925449229BBBE3300F38E7C /* TaskModel.xcdatamodeld */,
				A98136102BD04630000B5AE2 /* GroupListViewController.swift */,
				A98136382BDD7446000B5AE2 /* ListTableViewCell.swift */,
				A98136142BD0672C000B5AE2 /* AddTaskViewController.swift */,
				A98136162BD96B14000B5AE2 /* AddListViewController.swift */,
				A98BF9EF2C6F81C3004A3505 /* StyleTokens.swift */,
			);
			path = ToDoList;
			sourceTree = "<group>";
		};
		A925447829BBBD9F00F38E7C /* ToDoListTests */ = {
			isa = PBXGroup;
			children = (
				A925447929BBBD9F00F38E7C /* ToDoList_MVCTests.swift */,
			);
			path = ToDoListTests;
			sourceTree = "<group>";
		};
		A925448229BBBD9F00F38E7C /* ToDoListUITests */ = {
			isa = PBXGroup;
			children = (
				A925448329BBBD9F00F38E7C /* ToDoList_MVCUITests.swift */,
				A925448529BBBD9F00F38E7C /* ToDoList_MVCUITestsLaunchTests.swift */,
			);
			path = ToDoListUITests;
			sourceTree = "<group>";
		};
		A94745E02B9BD910002DE068 /* MainView */ = {
			isa = PBXGroup;
			children = (
				A925446629BBBD9D00F38E7C /* ToDoListViewController.swift */,
				A91113B52C970FAE00783F1E /* ItemListCell.swift */,
				A91113B32C96430700783F1E /* AddListItemCell.swift */,
				A94745E82BAB578D002DE068 /* ViewModels */,
				A925449729BBC5CD00F38E7C /* TaskTableViewCell.swift */,
				A98BF9E92C6BFF51004A3505 /* TaskTableViewCellAlpha.swift */,
				A98BF9EB2C6C4D56004A3505 /* StatusButtonStack.swift */,
				A98BF9ED2C6D52DD004A3505 /* MoreButtonStack.swift */,
				A98136122BD050B2000B5AE2 /* AddTaskCell.swift */,
				A91113B12C963B6A00783F1E /* AddListItemViewController.swift */,
			);
			path = MainView;
			sourceTree = "<group>";
		};
		A94745E42B9BD939002DE068 /* DetailView */ = {
			isa = PBXGroup;
			children = (
				A9A070C62B69B3A7005DB5E1 /* TaskDetailViewController.swift */,
				A9BAD43E2BAE502C00C9CBF1 /* TaskDetailVCViewModel.swift */,
				A98BF9F32C874B9A004A3505 /* TaskDetailViewControllerAlpha.swift */,
				A98BF9F92C94FBD4004A3505 /* ItemTableViewCell.swift */,
				A98BF9F52C94DE39004A3505 /* AddItemCell.swift */,
				A98BF9F72C94DFEE004A3505 /* AddItemViewController.swift */,
			);
			path = DetailView;
			sourceTree = "<group>";
		};
		A94745E52B9D1ABA002DE068 /* UIComponents */ = {
			isa = PBXGroup;
			children = (
				A9A070CC2B6C60EA005DB5E1 /* StatusSwitcher.swift */,
				A91579F42B444F1D00AB6BC6 /* TDLButton.swift */,
				A981363A2BF4FC69000B5AE2 /* StatusPicker.swift */,
			);
			path = UIComponents;
			sourceTree = "<group>";
		};
		A94745E82BAB578D002DE068 /* ViewModels */ = {
			isa = PBXGroup;
			children = (
				A9BAD43C2BAD2EBF00C9CBF1 /* ToDoListViewModel.swift */,
			);
			path = ViewModels;
			sourceTree = "<group>";
		};
		A9A070C82B69F0E6005DB5E1 /* Model */ = {
			isa = PBXGroup;
			children = (
				A925449529BBC50900F38E7C /* ToDoTask.swift */,
				A981360C2BD027B0000B5AE2 /* ToDoTaskList.swift */,
				A98BF9F12C874553004A3505 /* ToDoItem.swift */,
			);
			path = Model;
			sourceTree = "<group>";
		};
		A9A070C92B69F0F3005DB5E1 /* Services */ = {
			isa = PBXGroup;
			children = (
				A925449929BBCBCE00F38E7C /* CoreDataManager.swift */,
				A981360E2BD02868000B5AE2 /* CoreDataGroupManager.swift */,
			);
			path = Services;
			sourceTree = "<group>";
		};
/* End PBXGroup section */

/* Begin PBXNativeTarget section */
		A925445E29BBBD9D00F38E7C /* ToDoList */ = {
			isa = PBXNativeTarget;
			buildConfigurationList = A925448929BBBD9F00F38E7C /* Build configuration list for PBXNativeTarget "ToDoList" */;
			buildPhases = (
				A925445B29BBBD9D00F38E7C /* Sources */,
				A925445C29BBBD9D00F38E7C /* Frameworks */,
				A925445D29BBBD9D00F38E7C /* Resources */,
			);
			buildRules = (
			);
			dependencies = (
			);
			name = ToDoList;
			productName = "ToDoList-MVC";
			productReference = A925445F29BBBD9D00F38E7C /* ToDoList.app */;
			productType = "com.apple.product-type.application";
		};
		A925447429BBBD9F00F38E7C /* ToDoListTests */ = {
			isa = PBXNativeTarget;
			buildConfigurationList = A925448C29BBBD9F00F38E7C /* Build configuration list for PBXNativeTarget "ToDoListTests" */;
			buildPhases = (
				A925447129BBBD9F00F38E7C /* Sources */,
				A925447229BBBD9F00F38E7C /* Frameworks */,
				A925447329BBBD9F00F38E7C /* Resources */,
			);
			buildRules = (
			);
			dependencies = (
				A925447729BBBD9F00F38E7C /* PBXTargetDependency */,
			);
			name = ToDoListTests;
			productName = "ToDoList-MVCTests";
			productReference = A925447529BBBD9F00F38E7C /* ToDoListTests.xctest */;
			productType = "com.apple.product-type.bundle.unit-test";
		};
		A925447E29BBBD9F00F38E7C /* ToDoListUITests */ = {
			isa = PBXNativeTarget;
			buildConfigurationList = A925448F29BBBD9F00F38E7C /* Build configuration list for PBXNativeTarget "ToDoListUITests" */;
			buildPhases = (
				A925447B29BBBD9F00F38E7C /* Sources */,
				A925447C29BBBD9F00F38E7C /* Frameworks */,
				A925447D29BBBD9F00F38E7C /* Resources */,
			);
			buildRules = (
			);
			dependencies = (
				A925448129BBBD9F00F38E7C /* PBXTargetDependency */,
			);
			name = ToDoListUITests;
			productName = "ToDoList-MVCUITests";
			productReference = A925447F29BBBD9F00F38E7C /* ToDoListUITests.xctest */;
			productType = "com.apple.product-type.bundle.ui-testing";
		};
/* End PBXNativeTarget section */

/* Begin PBXProject section */
		A925445729BBBD9D00F38E7C /* Project object */ = {
			isa = PBXProject;
			attributes = {
				BuildIndependentTargetsInParallel = 1;
				LastSwiftUpdateCheck = 1420;
				LastUpgradeCheck = 1420;
				TargetAttributes = {
					A925445E29BBBD9D00F38E7C = {
						CreatedOnToolsVersion = 14.2;
					};
					A925447429BBBD9F00F38E7C = {
						CreatedOnToolsVersion = 14.2;
						TestTargetID = A925445E29BBBD9D00F38E7C;
					};
					A925447E29BBBD9F00F38E7C = {
						CreatedOnToolsVersion = 14.2;
						TestTargetID = A925445E29BBBD9D00F38E7C;
					};
				};
			};
			buildConfigurationList = A925445A29BBBD9D00F38E7C /* Build configuration list for PBXProject "ToDoList" */;
			compatibilityVersion = "Xcode 14.0";
			developmentRegion = en;
			hasScannedForEncodings = 0;
			knownRegions = (
				en,
				Base,
			);
			mainGroup = A925445629BBBD9D00F38E7C;
			productRefGroup = A925446029BBBD9D00F38E7C /* Products */;
			projectDirPath = "";
			projectRoot = "";
			targets = (
				A925445E29BBBD9D00F38E7C /* ToDoList */,
				A925447429BBBD9F00F38E7C /* ToDoListTests */,
				A925447E29BBBD9F00F38E7C /* ToDoListUITests */,
			);
		};
/* End PBXProject section */

/* Begin PBXResourcesBuildPhase section */
		A925445D29BBBD9D00F38E7C /* Resources */ = {
			isa = PBXResourcesBuildPhase;
			buildActionMask = 2147483647;
			files = (
				A925446F29BBBD9F00F38E7C /* LaunchScreen.storyboard in Resources */,
				A925446C29BBBD9F00F38E7C /* Assets.xcassets in Resources */,
				A925446A29BBBD9D00F38E7C /* Main.storyboard in Resources */,
			);
			runOnlyForDeploymentPostprocessing = 0;
		};
		A925447329BBBD9F00F38E7C /* Resources */ = {
			isa = PBXResourcesBuildPhase;
			buildActionMask = 2147483647;
			files = (
			);
			runOnlyForDeploymentPostprocessing = 0;
		};
		A925447D29BBBD9F00F38E7C /* Resources */ = {
			isa = PBXResourcesBuildPhase;
			buildActionMask = 2147483647;
			files = (
			);
			runOnlyForDeploymentPostprocessing = 0;
		};
/* End PBXResourcesBuildPhase section */

/* Begin PBXSourcesBuildPhase section */
		A925445B29BBBD9D00F38E7C /* Sources */ = {
			isa = PBXSourcesBuildPhase;
			buildActionMask = 2147483647;
			files = (
				A98BF9EA2C6BFF51004A3505 /* TaskTableViewCellAlpha.swift in Sources */,
				A9A070C72B69B3A7005DB5E1 /* TaskDetailViewController.swift in Sources */,
				A98BF9F22C874553004A3505 /* ToDoItem.swift in Sources */,
				A981360F2BD02868000B5AE2 /* CoreDataGroupManager.swift in Sources */,
				A91113B42C96430700783F1E /* AddListItemCell.swift in Sources */,
				A925446729BBBD9D00F38E7C /* ToDoListViewController.swift in Sources */,
				A98BF9F82C94DFEE004A3505 /* AddItemViewController.swift in Sources */,
				A94745DD2B9BD8E9002DE068 /* Protocols.swift in Sources */,
				A9A070CD2B6C60EA005DB5E1 /* StatusSwitcher.swift in Sources */,
				A98136132BD050B2000B5AE2 /* AddTaskCell.swift in Sources */,
				A91113B22C963B6A00783F1E /* AddListItemViewController.swift in Sources */,
				A981360D2BD027B0000B5AE2 /* ToDoTaskList.swift in Sources */,
				A91579F52B444F1D00AB6BC6 /* TDLButton.swift in Sources */,
				A98BF9F02C6F81C3004A3505 /* StyleTokens.swift in Sources */,
				A981360B2BD01434000B5AE2 /* TaskModel.xcdatamodeld in Sources */,
				A98136172BD96B15000B5AE2 /* AddListViewController.swift in Sources */,
				A98136152BD0672C000B5AE2 /* AddTaskViewController.swift in Sources */,
				A98136392BDD7446000B5AE2 /* ListTableViewCell.swift in Sources */,
				A91113B62C970FAE00783F1E /* ItemListCell.swift in Sources */,
				A925449829BBC5CD00F38E7C /* TaskTableViewCell.swift in Sources */,
				A9BAD4452BB6FF4A00C9CBF1 /* CoreDataService.swift in Sources */,
				A9BAD43D2BAD2EBF00C9CBF1 /* ToDoListViewModel.swift in Sources */,
				A98BF9EE2C6D52DD004A3505 /* MoreButtonStack.swift in Sources */,
				A98BF9EC2C6C4D56004A3505 /* StatusButtonStack.swift in Sources */,
				A981363B2BF4FC69000B5AE2 /* StatusPicker.swift in Sources */,
				A925449629BBC50900F38E7C /* ToDoTask.swift in Sources */,
				A98136112BD04630000B5AE2 /* GroupListViewController.swift in Sources */,
				A98BF9F62C94DE39004A3505 /* AddItemCell.swift in Sources */,
				A925446329BBBD9D00F38E7C /* AppDelegate.swift in Sources */,
				A925449A29BBCBCE00F38E7C /* CoreDataManager.swift in Sources */,
				A98BF9F42C874B9A004A3505 /* TaskDetailViewControllerAlpha.swift in Sources */,
				A925446529BBBD9D00F38E7C /* SceneDelegate.swift in Sources */,
				A98BF9FA2C94FBD4004A3505 /* ItemTableViewCell.swift in Sources */,
				A9BAD43F2BAE502C00C9CBF1 /* TaskDetailVCViewModel.swift in Sources */,
			);
			runOnlyForDeploymentPostprocessing = 0;
		};
		A925447129BBBD9F00F38E7C /* Sources */ = {
			isa = PBXSourcesBuildPhase;
			buildActionMask = 2147483647;
			files = (
				A925447A29BBBD9F00F38E7C /* ToDoList_MVCTests.swift in Sources */,
			);
			runOnlyForDeploymentPostprocessing = 0;
		};
		A925447B29BBBD9F00F38E7C /* Sources */ = {
			isa = PBXSourcesBuildPhase;
			buildActionMask = 2147483647;
			files = (
				A925448429BBBD9F00F38E7C /* ToDoList_MVCUITests.swift in Sources */,
				A925448629BBBD9F00F38E7C /* ToDoList_MVCUITestsLaunchTests.swift in Sources */,
			);
			runOnlyForDeploymentPostprocessing = 0;
		};
/* End PBXSourcesBuildPhase section */

/* Begin PBXTargetDependency section */
		A925447729BBBD9F00F38E7C /* PBXTargetDependency */ = {
			isa = PBXTargetDependency;
			target = A925445E29BBBD9D00F38E7C /* ToDoList */;
			targetProxy = A925447629BBBD9F00F38E7C /* PBXContainerItemProxy */;
		};
		A925448129BBBD9F00F38E7C /* PBXTargetDependency */ = {
			isa = PBXTargetDependency;
			target = A925445E29BBBD9D00F38E7C /* ToDoList */;
			targetProxy = A925448029BBBD9F00F38E7C /* PBXContainerItemProxy */;
		};
/* End PBXTargetDependency section */

/* Begin PBXVariantGroup section */
		A925446829BBBD9D00F38E7C /* Main.storyboard */ = {
			isa = PBXVariantGroup;
			children = (
				A925446929BBBD9D00F38E7C /* Base */,
			);
			name = Main.storyboard;
			sourceTree = "<group>";
		};
		A925446D29BBBD9F00F38E7C /* LaunchScreen.storyboard */ = {
			isa = PBXVariantGroup;
			children = (
				A925446E29BBBD9F00F38E7C /* Base */,
			);
			name = LaunchScreen.storyboard;
			sourceTree = "<group>";
		};
/* End PBXVariantGroup section */

/* Begin XCBuildConfiguration section */
		A925448729BBBD9F00F38E7C /* Debug */ = {
			isa = XCBuildConfiguration;
			buildSettings = {
				ALWAYS_SEARCH_USER_PATHS = NO;
				CLANG_ANALYZER_NONNULL = YES;
				CLANG_ANALYZER_NUMBER_OBJECT_CONVERSION = YES_AGGRESSIVE;
				CLANG_CXX_LANGUAGE_STANDARD = "gnu++20";
				CLANG_ENABLE_MODULES = YES;
				CLANG_ENABLE_OBJC_ARC = YES;
				CLANG_ENABLE_OBJC_WEAK = YES;
				CLANG_WARN_BLOCK_CAPTURE_AUTORELEASING = YES;
				CLANG_WARN_BOOL_CONVERSION = YES;
				CLANG_WARN_COMMA = YES;
				CLANG_WARN_CONSTANT_CONVERSION = YES;
				CLANG_WARN_DEPRECATED_OBJC_IMPLEMENTATIONS = YES;
				CLANG_WARN_DIRECT_OBJC_ISA_USAGE = YES_ERROR;
				CLANG_WARN_DOCUMENTATION_COMMENTS = YES;
				CLANG_WARN_EMPTY_BODY = YES;
				CLANG_WARN_ENUM_CONVERSION = YES;
				CLANG_WARN_INFINITE_RECURSION = YES;
				CLANG_WARN_INT_CONVERSION = YES;
				CLANG_WARN_NON_LITERAL_NULL_CONVERSION = YES;
				CLANG_WARN_OBJC_IMPLICIT_RETAIN_SELF = YES;
				CLANG_WARN_OBJC_LITERAL_CONVERSION = YES;
				CLANG_WARN_OBJC_ROOT_CLASS = YES_ERROR;
				CLANG_WARN_QUOTED_INCLUDE_IN_FRAMEWORK_HEADER = YES;
				CLANG_WARN_RANGE_LOOP_ANALYSIS = YES;
				CLANG_WARN_STRICT_PROTOTYPES = YES;
				CLANG_WARN_SUSPICIOUS_MOVE = YES;
				CLANG_WARN_UNGUARDED_AVAILABILITY = YES_AGGRESSIVE;
				CLANG_WARN_UNREACHABLE_CODE = YES;
				CLANG_WARN__DUPLICATE_METHOD_MATCH = YES;
				COPY_PHASE_STRIP = NO;
				DEBUG_INFORMATION_FORMAT = dwarf;
				ENABLE_STRICT_OBJC_MSGSEND = YES;
				ENABLE_TESTABILITY = YES;
				GCC_C_LANGUAGE_STANDARD = gnu11;
				GCC_DYNAMIC_NO_PIC = NO;
				GCC_NO_COMMON_BLOCKS = YES;
				GCC_OPTIMIZATION_LEVEL = 0;
				GCC_PREPROCESSOR_DEFINITIONS = (
					"DEBUG=1",
					"$(inherited)",
				);
				GCC_WARN_64_TO_32_BIT_CONVERSION = YES;
				GCC_WARN_ABOUT_RETURN_TYPE = YES_ERROR;
				GCC_WARN_UNDECLARED_SELECTOR = YES;
				GCC_WARN_UNINITIALIZED_AUTOS = YES_AGGRESSIVE;
				GCC_WARN_UNUSED_FUNCTION = YES;
				GCC_WARN_UNUSED_VARIABLE = YES;
				IPHONEOS_DEPLOYMENT_TARGET = 16.2;
				MTL_ENABLE_DEBUG_INFO = INCLUDE_SOURCE;
				MTL_FAST_MATH = YES;
				ONLY_ACTIVE_ARCH = YES;
				SDKROOT = iphoneos;
				SWIFT_ACTIVE_COMPILATION_CONDITIONS = DEBUG;
				SWIFT_OPTIMIZATION_LEVEL = "-Onone";
			};
			name = Debug;
		};
		A925448829BBBD9F00F38E7C /* Release */ = {
			isa = XCBuildConfiguration;
			buildSettings = {
				ALWAYS_SEARCH_USER_PATHS = NO;
				CLANG_ANALYZER_NONNULL = YES;
				CLANG_ANALYZER_NUMBER_OBJECT_CONVERSION = YES_AGGRESSIVE;
				CLANG_CXX_LANGUAGE_STANDARD = "gnu++20";
				CLANG_ENABLE_MODULES = YES;
				CLANG_ENABLE_OBJC_ARC = YES;
				CLANG_ENABLE_OBJC_WEAK = YES;
				CLANG_WARN_BLOCK_CAPTURE_AUTORELEASING = YES;
				CLANG_WARN_BOOL_CONVERSION = YES;
				CLANG_WARN_COMMA = YES;
				CLANG_WARN_CONSTANT_CONVERSION = YES;
				CLANG_WARN_DEPRECATED_OBJC_IMPLEMENTATIONS = YES;
				CLANG_WARN_DIRECT_OBJC_ISA_USAGE = YES_ERROR;
				CLANG_WARN_DOCUMENTATION_COMMENTS = YES;
				CLANG_WARN_EMPTY_BODY = YES;
				CLANG_WARN_ENUM_CONVERSION = YES;
				CLANG_WARN_INFINITE_RECURSION = YES;
				CLANG_WARN_INT_CONVERSION = YES;
				CLANG_WARN_NON_LITERAL_NULL_CONVERSION = YES;
				CLANG_WARN_OBJC_IMPLICIT_RETAIN_SELF = YES;
				CLANG_WARN_OBJC_LITERAL_CONVERSION = YES;
				CLANG_WARN_OBJC_ROOT_CLASS = YES_ERROR;
				CLANG_WARN_QUOTED_INCLUDE_IN_FRAMEWORK_HEADER = YES;
				CLANG_WARN_RANGE_LOOP_ANALYSIS = YES;
				CLANG_WARN_STRICT_PROTOTYPES = YES;
				CLANG_WARN_SUSPICIOUS_MOVE = YES;
				CLANG_WARN_UNGUARDED_AVAILABILITY = YES_AGGRESSIVE;
				CLANG_WARN_UNREACHABLE_CODE = YES;
				CLANG_WARN__DUPLICATE_METHOD_MATCH = YES;
				COPY_PHASE_STRIP = NO;
				DEBUG_INFORMATION_FORMAT = "dwarf-with-dsym";
				ENABLE_NS_ASSERTIONS = NO;
				ENABLE_STRICT_OBJC_MSGSEND = YES;
				GCC_C_LANGUAGE_STANDARD = gnu11;
				GCC_NO_COMMON_BLOCKS = YES;
				GCC_WARN_64_TO_32_BIT_CONVERSION = YES;
				GCC_WARN_ABOUT_RETURN_TYPE = YES_ERROR;
				GCC_WARN_UNDECLARED_SELECTOR = YES;
				GCC_WARN_UNINITIALIZED_AUTOS = YES_AGGRESSIVE;
				GCC_WARN_UNUSED_FUNCTION = YES;
				GCC_WARN_UNUSED_VARIABLE = YES;
				IPHONEOS_DEPLOYMENT_TARGET = 16.2;
				MTL_ENABLE_DEBUG_INFO = NO;
				MTL_FAST_MATH = YES;
				SDKROOT = iphoneos;
				SWIFT_COMPILATION_MODE = wholemodule;
				SWIFT_OPTIMIZATION_LEVEL = "-O";
				VALIDATE_PRODUCT = YES;
			};
			name = Release;
		};
		A925448A29BBBD9F00F38E7C /* Debug */ = {
			isa = XCBuildConfiguration;
			buildSettings = {
				ASSETCATALOG_COMPILER_APPICON_NAME = AppIcon;
				ASSETCATALOG_COMPILER_GLOBAL_ACCENT_COLOR_NAME = AccentColor;
				CODE_SIGN_STYLE = Automatic;
				CURRENT_PROJECT_VERSION = 1;
				DEVELOPMENT_TEAM = 25PH49W475;
				GENERATE_INFOPLIST_FILE = YES;
				INFOPLIST_FILE = ToDoList/Info.plist;
				INFOPLIST_KEY_UIApplicationSupportsIndirectInputEvents = YES;
				INFOPLIST_KEY_UILaunchStoryboardName = LaunchScreen;
				INFOPLIST_KEY_UIMainStoryboardFile = Main;
				INFOPLIST_KEY_UISupportedInterfaceOrientations_iPad = "UIInterfaceOrientationPortrait UIInterfaceOrientationPortraitUpsideDown UIInterfaceOrientationLandscapeLeft UIInterfaceOrientationLandscapeRight";
				INFOPLIST_KEY_UISupportedInterfaceOrientations_iPhone = "UIInterfaceOrientationPortrait UIInterfaceOrientationLandscapeLeft UIInterfaceOrientationLandscapeRight";
				IPHONEOS_DEPLOYMENT_TARGET = 16.1;
				LD_RUNPATH_SEARCH_PATHS = (
					"$(inherited)",
					"@executable_path/Frameworks",
				);
				MARKETING_VERSION = 1.0;
				PRODUCT_BUNDLE_IDENTIFIER = "com.svd.gql.sbl.ToDoList-MVC";
				PRODUCT_NAME = "$(TARGET_NAME)";
				SWIFT_EMIT_LOC_STRINGS = YES;
				SWIFT_VERSION = 5.0;
				TARGETED_DEVICE_FAMILY = "1,2";
			};
			name = Debug;
		};
		A925448B29BBBD9F00F38E7C /* Release */ = {
			isa = XCBuildConfiguration;
			buildSettings = {
				ASSETCATALOG_COMPILER_APPICON_NAME = AppIcon;
				ASSETCATALOG_COMPILER_GLOBAL_ACCENT_COLOR_NAME = AccentColor;
				CODE_SIGN_STYLE = Automatic;
				CURRENT_PROJECT_VERSION = 1;
				DEVELOPMENT_TEAM = 25PH49W475;
				GENERATE_INFOPLIST_FILE = YES;
				INFOPLIST_FILE = ToDoList/Info.plist;
				INFOPLIST_KEY_UIApplicationSupportsIndirectInputEvents = YES;
				INFOPLIST_KEY_UILaunchStoryboardName = LaunchScreen;
				INFOPLIST_KEY_UIMainStoryboardFile = Main;
				INFOPLIST_KEY_UISupportedInterfaceOrientations_iPad = "UIInterfaceOrientationPortrait UIInterfaceOrientationPortraitUpsideDown UIInterfaceOrientationLandscapeLeft UIInterfaceOrientationLandscapeRight";
				INFOPLIST_KEY_UISupportedInterfaceOrientations_iPhone = "UIInterfaceOrientationPortrait UIInterfaceOrientationLandscapeLeft UIInterfaceOrientationLandscapeRight";
				IPHONEOS_DEPLOYMENT_TARGET = 16.1;
				LD_RUNPATH_SEARCH_PATHS = (
					"$(inherited)",
					"@executable_path/Frameworks",
				);
				MARKETING_VERSION = 1.0;
				PRODUCT_BUNDLE_IDENTIFIER = "com.svd.gql.sbl.ToDoList-MVC";
				PRODUCT_NAME = "$(TARGET_NAME)";
				SWIFT_EMIT_LOC_STRINGS = YES;
				SWIFT_VERSION = 5.0;
				TARGETED_DEVICE_FAMILY = "1,2";
			};
			name = Release;
		};
		A925448D29BBBD9F00F38E7C /* Debug */ = {
			isa = XCBuildConfiguration;
			buildSettings = {
				ALWAYS_EMBED_SWIFT_STANDARD_LIBRARIES = YES;
				BUNDLE_LOADER = "$(TEST_HOST)";
				CODE_SIGN_STYLE = Automatic;
				CURRENT_PROJECT_VERSION = 1;
				DEVELOPMENT_TEAM = 25PH49W475;
				GENERATE_INFOPLIST_FILE = YES;
				IPHONEOS_DEPLOYMENT_TARGET = 16.2;
				MARKETING_VERSION = 1.0;
				PRODUCT_BUNDLE_IDENTIFIER = "com.svd.gql.sbl.ToDoList-MVCTests";
				PRODUCT_NAME = "$(TARGET_NAME)";
				SWIFT_EMIT_LOC_STRINGS = NO;
				SWIFT_VERSION = 5.0;
				TARGETED_DEVICE_FAMILY = "1,2";
				TEST_HOST = "$(BUILT_PRODUCTS_DIR)/ToDoList-MVC.app/$(BUNDLE_EXECUTABLE_FOLDER_PATH)/ToDoList-MVC";
			};
			name = Debug;
		};
		A925448E29BBBD9F00F38E7C /* Release */ = {
			isa = XCBuildConfiguration;
			buildSettings = {
				ALWAYS_EMBED_SWIFT_STANDARD_LIBRARIES = YES;
				BUNDLE_LOADER = "$(TEST_HOST)";
				CODE_SIGN_STYLE = Automatic;
				CURRENT_PROJECT_VERSION = 1;
				DEVELOPMENT_TEAM = 25PH49W475;
				GENERATE_INFOPLIST_FILE = YES;
				IPHONEOS_DEPLOYMENT_TARGET = 16.2;
				MARKETING_VERSION = 1.0;
				PRODUCT_BUNDLE_IDENTIFIER = "com.svd.gql.sbl.ToDoList-MVCTests";
				PRODUCT_NAME = "$(TARGET_NAME)";
				SWIFT_EMIT_LOC_STRINGS = NO;
				SWIFT_VERSION = 5.0;
				TARGETED_DEVICE_FAMILY = "1,2";
				TEST_HOST = "$(BUILT_PRODUCTS_DIR)/ToDoList-MVC.app/$(BUNDLE_EXECUTABLE_FOLDER_PATH)/ToDoList-MVC";
			};
			name = Release;
		};
		A925449029BBBD9F00F38E7C /* Debug */ = {
			isa = XCBuildConfiguration;
			buildSettings = {
				ALWAYS_EMBED_SWIFT_STANDARD_LIBRARIES = YES;
				CODE_SIGN_STYLE = Automatic;
				CURRENT_PROJECT_VERSION = 1;
				DEVELOPMENT_TEAM = 25PH49W475;
				GENERATE_INFOPLIST_FILE = YES;
				MARKETING_VERSION = 1.0;
				PRODUCT_BUNDLE_IDENTIFIER = "com.svd.gql.sbl.ToDoList-MVCUITests";
				PRODUCT_NAME = "$(TARGET_NAME)";
				SWIFT_EMIT_LOC_STRINGS = NO;
				SWIFT_VERSION = 5.0;
				TARGETED_DEVICE_FAMILY = "1,2";
				TEST_TARGET_NAME = "ToDoList-MVC";
			};
			name = Debug;
		};
		A925449129BBBD9F00F38E7C /* Release */ = {
			isa = XCBuildConfiguration;
			buildSettings = {
				ALWAYS_EMBED_SWIFT_STANDARD_LIBRARIES = YES;
				CODE_SIGN_STYLE = Automatic;
				CURRENT_PROJECT_VERSION = 1;
				DEVELOPMENT_TEAM = 25PH49W475;
				GENERATE_INFOPLIST_FILE = YES;
				MARKETING_VERSION = 1.0;
				PRODUCT_BUNDLE_IDENTIFIER = "com.svd.gql.sbl.ToDoList-MVCUITests";
				PRODUCT_NAME = "$(TARGET_NAME)";
				SWIFT_EMIT_LOC_STRINGS = NO;
				SWIFT_VERSION = 5.0;
				TARGETED_DEVICE_FAMILY = "1,2";
				TEST_TARGET_NAME = "ToDoList-MVC";
			};
			name = Release;
		};
/* End XCBuildConfiguration section */

/* Begin XCConfigurationList section */
		A925445A29BBBD9D00F38E7C /* Build configuration list for PBXProject "ToDoList" */ = {
			isa = XCConfigurationList;
			buildConfigurations = (
				A925448729BBBD9F00F38E7C /* Debug */,
				A925448829BBBD9F00F38E7C /* Release */,
			);
			defaultConfigurationIsVisible = 0;
			defaultConfigurationName = Release;
		};
		A925448929BBBD9F00F38E7C /* Build configuration list for PBXNativeTarget "ToDoList" */ = {
			isa = XCConfigurationList;
			buildConfigurations = (
				A925448A29BBBD9F00F38E7C /* Debug */,
				A925448B29BBBD9F00F38E7C /* Release */,
			);
			defaultConfigurationIsVisible = 0;
			defaultConfigurationName = Release;
		};
		A925448C29BBBD9F00F38E7C /* Build configuration list for PBXNativeTarget "ToDoListTests" */ = {
			isa = XCConfigurationList;
			buildConfigurations = (
				A925448D29BBBD9F00F38E7C /* Debug */,
				A925448E29BBBD9F00F38E7C /* Release */,
			);
			defaultConfigurationIsVisible = 0;
			defaultConfigurationName = Release;
		};
		A925448F29BBBD9F00F38E7C /* Build configuration list for PBXNativeTarget "ToDoListUITests" */ = {
			isa = XCConfigurationList;
			buildConfigurations = (
				A925449029BBBD9F00F38E7C /* Debug */,
				A925449129BBBD9F00F38E7C /* Release */,
			);
			defaultConfigurationIsVisible = 0;
			defaultConfigurationName = Release;
		};
/* End XCConfigurationList section */

/* Begin XCVersionGroup section */
		A925449229BBBE3300F38E7C /* TaskModel.xcdatamodeld */ = {
			isa = XCVersionGroup;
			children = (
				A925449329BBBE3300F38E7C /* Task.xcdatamodel */,
			);
			currentVersion = A925449329BBBE3300F38E7C /* Task.xcdatamodel */;
			path = TaskModel.xcdatamodeld;
			sourceTree = "<group>";
			versionGroupType = wrapper.xcdatamodel;
		};
/* End XCVersionGroup section */
	};
	rootObject = A925445729BBBD9D00F38E7C /* Project object */;
}
