// !$*UTF8*$!
{
	archiveVersion = 1;
	classes = {
	};
	objectVersion = 56;
	objects = {

/* Begin PBXBuildFile section */
		A925446329BBBD9D00F38E7C /* AppDelegate.swift in Sources */ = {isa = PBXBuildFile; fileRef = A925446229BBBD9D00F38E7C /* AppDelegate.swift */; };
		A925446529BBBD9D00F38E7C /* SceneDelegate.swift in Sources */ = {isa = PBXBuildFile; fileRef = A925446429BBBD9D00F38E7C /* SceneDelegate.swift */; };
		A925446729BBBD9D00F38E7C /* ViewController.swift in Sources */ = {isa = PBXBuildFile; fileRef = A925446629BBBD9D00F38E7C /* ViewController.swift */; };
		A925446A29BBBD9D00F38E7C /* Main.storyboard in Resources */ = {isa = PBXBuildFile; fileRef = A925446829BBBD9D00F38E7C /* Main.storyboard */; };
		A925446C29BBBD9F00F38E7C /* Assets.xcassets in Resources */ = {isa = PBXBuildFile; fileRef = A925446B29BBBD9F00F38E7C /* Assets.xcassets */; };
		A925446F29BBBD9F00F38E7C /* LaunchScreen.storyboard in Resources */ = {isa = PBXBuildFile; fileRef = A925446D29BBBD9F00F38E7C /* LaunchScreen.storyboard */; };
		A925447A29BBBD9F00F38E7C /* ToDoList_MVCTests.swift in Sources */ = {isa = PBXBuildFile; fileRef = A925447929BBBD9F00F38E7C /* ToDoList_MVCTests.swift */; };
		A925448429BBBD9F00F38E7C /* ToDoList_MVCUITests.swift in Sources */ = {isa = PBXBuildFile; fileRef = A925448329BBBD9F00F38E7C /* ToDoList_MVCUITests.swift */; };
		A925448629BBBD9F00F38E7C /* ToDoList_MVCUITestsLaunchTests.swift in Sources */ = {isa = PBXBuildFile; fileRef = A925448529BBBD9F00F38E7C /* ToDoList_MVCUITestsLaunchTests.swift */; };
		A925449429BBBE3300F38E7C /* TaskModel.xcdatamodeld in Sources */ = {isa = PBXBuildFile; fileRef = A925449229BBBE3300F38E7C /* TaskModel.xcdatamodeld */; };
		A925449629BBC50900F38E7C /* Task.swift in Sources */ = {isa = PBXBuildFile; fileRef = A925449529BBC50900F38E7C /* Task.swift */; };
		A925449829BBC5CD00F38E7C /* TaskTableViewCell.swift in Sources */ = {isa = PBXBuildFile; fileRef = A925449729BBC5CD00F38E7C /* TaskTableViewCell.swift */; };
		A925449A29BBCBCE00F38E7C /* CoreDataManager.swift in Sources */ = {isa = PBXBuildFile; fileRef = A925449929BBCBCE00F38E7C /* CoreDataManager.swift */; };
/* End PBXBuildFile section */

/* Begin PBXContainerItemProxy section */
		A925447629BBBD9F00F38E7C /* PBXContainerItemProxy */ = {
			isa = PBXContainerItemProxy;
			containerPortal = A925445729BBBD9D00F38E7C /* Project object */;
			proxyType = 1;
			remoteGlobalIDString = A925445E29BBBD9D00F38E7C;
			remoteInfo = "ToDoList-MVC";
		};
		A925448029BBBD9F00F38E7C /* PBXContainerItemProxy */ = {
			isa = PBXContainerItemProxy;
			containerPortal = A925445729BBBD9D00F38E7C /* Project object */;
			proxyType = 1;
			remoteGlobalIDString = A925445E29BBBD9D00F38E7C;
			remoteInfo = "ToDoList-MVC";
		};
/* End PBXContainerItemProxy section */

/* Begin PBXFileReference section */
		A925445F29BBBD9D00F38E7C /* ToDoList-MVC.app */ = {isa = PBXFileReference; explicitFileType = wrapper.application; includeInIndex = 0; path = "ToDoList-MVC.app"; sourceTree = BUILT_PRODUCTS_DIR; };
		A925446229BBBD9D00F38E7C /* AppDelegate.swift */ = {isa = PBXFileReference; lastKnownFileType = sourcecode.swift; path = AppDelegate.swift; sourceTree = "<group>"; };
		A925446429BBBD9D00F38E7C /* SceneDelegate.swift */ = {isa = PBXFileReference; lastKnownFileType = sourcecode.swift; path = SceneDelegate.swift; sourceTree = "<group>"; };
		A925446629BBBD9D00F38E7C /* ViewController.swift */ = {isa = PBXFileReference; lastKnownFileType = sourcecode.swift; path = ViewController.swift; sourceTree = "<group>"; };
		A925446929BBBD9D00F38E7C /* Base */ = {isa = PBXFileReference; lastKnownFileType = file.storyboard; name = Base; path = Base.lproj/Main.storyboard; sourceTree = "<group>"; };
		A925446B29BBBD9F00F38E7C /* Assets.xcassets */ = {isa = PBXFileReference; lastKnownFileType = folder.assetcatalog; path = Assets.xcassets; sourceTree = "<group>"; };
		A925446E29BBBD9F00F38E7C /* Base */ = {isa = PBXFileReference; lastKnownFileType = file.storyboard; name = Base; path = Base.lproj/LaunchScreen.storyboard; sourceTree = "<group>"; };
		A925447029BBBD9F00F38E7C /* Info.plist */ = {isa = PBXFileReference; lastKnownFileType = text.plist.xml; path = Info.plist; sourceTree = "<group>"; };
		A925447529BBBD9F00F38E7C /* ToDoList-MVCTests.xctest */ = {isa = PBXFileReference; explicitFileType = wrapper.cfbundle; includeInIndex = 0; path = "ToDoList-MVCTests.xctest"; sourceTree = BUILT_PRODUCTS_DIR; };
		A925447929BBBD9F00F38E7C /* ToDoList_MVCTests.swift */ = {isa = PBXFileReference; lastKnownFileType = sourcecode.swift; path = ToDoList_MVCTests.swift; sourceTree = "<group>"; };
		A925447F29BBBD9F00F38E7C /* ToDoList-MVCUITests.xctest */ = {isa = PBXFileReference; explicitFileType = wrapper.cfbundle; includeInIndex = 0; path = "ToDoList-MVCUITests.xctest"; sourceTree = BUILT_PRODUCTS_DIR; };
		A925448329BBBD9F00F38E7C /* ToDoList_MVCUITests.swift */ = {isa = PBXFileReference; lastKnownFileType = sourcecode.swift; path = ToDoList_MVCUITests.swift; sourceTree = "<group>"; };
		A925448529BBBD9F00F38E7C /* ToDoList_MVCUITestsLaunchTests.swift */ = {isa = PBXFileReference; lastKnownFileType = sourcecode.swift; path = ToDoList_MVCUITestsLaunchTests.swift; sourceTree = "<group>"; };
		A925449329BBBE3300F38E7C /* Task.xcdatamodel */ = {isa = PBXFileReference; lastKnownFileType = wrapper.xcdatamodel; path = Task.xcdatamodel; sourceTree = "<group>"; };
		A925449529BBC50900F38E7C /* Task.swift */ = {isa = PBXFileReference; lastKnownFileType = sourcecode.swift; path = Task.swift; sourceTree = "<group>"; };
		A925449729BBC5CD00F38E7C /* TaskTableViewCell.swift */ = {isa = PBXFileReference; lastKnownFileType = sourcecode.swift; path = TaskTableViewCell.swift; sourceTree = "<group>"; };
		A925449929BBCBCE00F38E7C /* CoreDataManager.swift */ = {isa = PBXFileReference; lastKnownFileType = sourcecode.swift; path = CoreDataManager.swift; sourceTree = "<group>"; };
/* End PBXFileReference section */

/* Begin PBXFrameworksBuildPhase section */
		A925445C29BBBD9D00F38E7C /* Frameworks */ = {
			isa = PBXFrameworksBuildPhase;
			buildActionMask = 2147483647;
			files = (
			);
			runOnlyForDeploymentPostprocessing = 0;
		};
		A925447229BBBD9F00F38E7C /* Frameworks */ = {
			isa = PBXFrameworksBuildPhase;
			buildActionMask = 2147483647;
			files = (
			);
			runOnlyForDeploymentPostprocessing = 0;
		};
		A925447C29BBBD9F00F38E7C /* Frameworks */ = {
			isa = PBXFrameworksBuildPhase;
			buildActionMask = 2147483647;
			files = (
			);
			runOnlyForDeploymentPostprocessing = 0;
		};
/* End PBXFrameworksBuildPhase section */

/* Begin PBXGroup section */
		A925445629BBBD9D00F38E7C = {
			isa = PBXGroup;
			children = (
				A925446129BBBD9D00F38E7C /* ToDoList-MVC */,
				A925447829BBBD9F00F38E7C /* ToDoList-MVCTests */,
				A925448229BBBD9F00F38E7C /* ToDoList-MVCUITests */,
				A925446029BBBD9D00F38E7C /* Products */,
			);
			sourceTree = "<group>";
		};
		A925446029BBBD9D00F38E7C /* Products */ = {
			isa = PBXGroup;
			children = (
				A925445F29BBBD9D00F38E7C /* ToDoList-MVC.app */,
				A925447529BBBD9F00F38E7C /* ToDoList-MVCTests.xctest */,
				A925447F29BBBD9F00F38E7C /* ToDoList-MVCUITests.xctest */,
			);
			name = Products;
			sourceTree = "<group>";
		};
		A925446129BBBD9D00F38E7C /* ToDoList-MVC */ = {
			isa = PBXGroup;
			children = (
				A925446229BBBD9D00F38E7C /* AppDelegate.swift */,
				A925446429BBBD9D00F38E7C /* SceneDelegate.swift */,
				A925446629BBBD9D00F38E7C /* ViewController.swift */,
				A925449929BBCBCE00F38E7C /* CoreDataManager.swift */,
				A925446829BBBD9D00F38E7C /* Main.storyboard */,
				A925446B29BBBD9F00F38E7C /* Assets.xcassets */,
				A925446D29BBBD9F00F38E7C /* LaunchScreen.storyboard */,
				A925447029BBBD9F00F38E7C /* Info.plist */,
				A925449229BBBE3300F38E7C /* TaskModel.xcdatamodeld */,
				A925449529BBC50900F38E7C /* Task.swift */,
				A925449729BBC5CD00F38E7C /* TaskTableViewCell.swift */,
			);
			path = "ToDoList-MVC";
			sourceTree = "<group>";
		};
		A925447829BBBD9F00F38E7C /* ToDoList-MVCTests */ = {
			isa = PBXGroup;
			children = (
				A925447929BBBD9F00F38E7C /* ToDoList_MVCTests.swift */,
			);
			path = "ToDoList-MVCTests";
			sourceTree = "<group>";
		};
		A925448229BBBD9F00F38E7C /* ToDoList-MVCUITests */ = {
			isa = PBXGroup;
			children = (
				A925448329BBBD9F00F38E7C /* ToDoList_MVCUITests.swift */,
				A925448529BBBD9F00F38E7C /* ToDoList_MVCUITestsLaunchTests.swift */,
			);
			path = "ToDoList-MVCUITests";
			sourceTree = "<group>";
		};
/* End PBXGroup section */

/* Begin PBXNativeTarget section */
		A925445E29BBBD9D00F38E7C /* ToDoList-MVC */ = {
			isa = PBXNativeTarget;
			buildConfigurationList = A925448929BBBD9F00F38E7C /* Build configuration list for PBXNativeTarget "ToDoList-MVC" */;
			buildPhases = (
				A925445B29BBBD9D00F38E7C /* Sources */,
				A925445C29BBBD9D00F38E7C /* Frameworks */,
				A925445D29BBBD9D00F38E7C /* Resources */,
			);
			buildRules = (
			);
			dependencies = (
			);
			name = "ToDoList-MVC";
			productName = "ToDoList-MVC";
			productReference = A925445F29BBBD9D00F38E7C /* ToDoList-MVC.app */;
			productType = "com.apple.product-type.application";
		};
		A925447429BBBD9F00F38E7C /* ToDoList-MVCTests */ = {
			isa = PBXNativeTarget;
			buildConfigurationList = A925448C29BBBD9F00F38E7C /* Build configuration list for PBXNativeTarget "ToDoList-MVCTests" */;
			buildPhases = (
				A925447129BBBD9F00F38E7C /* Sources */,
				A925447229BBBD9F00F38E7C /* Frameworks */,
				A925447329BBBD9F00F38E7C /* Resources */,
			);
			buildRules = (
			);
			dependencies = (
				A925447729BBBD9F00F38E7C /* PBXTargetDependency */,
			);
			name = "ToDoList-MVCTests";
			productName = "ToDoList-MVCTests";
			productReference = A925447529BBBD9F00F38E7C /* ToDoList-MVCTests.xctest */;
			productType = "com.apple.product-type.bundle.unit-test";
		};
		A925447E29BBBD9F00F38E7C /* ToDoList-MVCUITests */ = {
			isa = PBXNativeTarget;
			buildConfigurationList = A925448F29BBBD9F00F38E7C /* Build configuration list for PBXNativeTarget "ToDoList-MVCUITests" */;
			buildPhases = (
				A925447B29BBBD9F00F38E7C /* Sources */,
				A925447C29BBBD9F00F38E7C /* Frameworks */,
				A925447D29BBBD9F00F38E7C /* Resources */,
			);
			buildRules = (
			);
			dependencies = (
				A925448129BBBD9F00F38E7C /* PBXTargetDependency */,
			);
			name = "ToDoList-MVCUITests";
			productName = "ToDoList-MVCUITests";
			productReference = A925447F29BBBD9F00F38E7C /* ToDoList-MVCUITests.xctest */;
			productType = "com.apple.product-type.bundle.ui-testing";
		};
/* End PBXNativeTarget section */

/* Begin PBXProject section */
		A925445729BBBD9D00F38E7C /* Project object */ = {
			isa = PBXProject;
			attributes = {
				BuildIndependentTargetsInParallel = 1;
				LastSwiftUpdateCheck = 1420;
				LastUpgradeCheck = 1420;
				TargetAttributes = {
					A925445E29BBBD9D00F38E7C = {
						CreatedOnToolsVersion = 14.2;
					};
					A925447429BBBD9F00F38E7C = {
						CreatedOnToolsVersion = 14.2;
						TestTargetID = A925445E29BBBD9D00F38E7C;
					};
					A925447E29BBBD9F00F38E7C = {
						CreatedOnToolsVersion = 14.2;
						TestTargetID = A925445E29BBBD9D00F38E7C;
					};
				};
			};
			buildConfigurationList = A925445A29BBBD9D00F38E7C /* Build configuration list for PBXProject "ToDoList-MVC" */;
			compatibilityVersion = "Xcode 14.0";
			developmentRegion = en;
			hasScannedForEncodings = 0;
			knownRegions = (
				en,
				Base,
			);
			mainGroup = A925445629BBBD9D00F38E7C;
			productRefGroup = A925446029BBBD9D00F38E7C /* Products */;
			projectDirPath = "";
			projectRoot = "";
			targets = (
				A925445E29BBBD9D00F38E7C /* ToDoList-MVC */,
				A925447429BBBD9F00F38E7C /* ToDoList-MVCTests */,
				A925447E29BBBD9F00F38E7C /* ToDoList-MVCUITests */,
			);
		};
/* End PBXProject section */

/* Begin PBXResourcesBuildPhase section */
		A925445D29BBBD9D00F38E7C /* Resources */ = {
			isa = PBXResourcesBuildPhase;
			buildActionMask = 2147483647;
			files = (
				A925446F29BBBD9F00F38E7C /* LaunchScreen.storyboard in Resources */,
				A925446C29BBBD9F00F38E7C /* Assets.xcassets in Resources */,
				A925446A29BBBD9D00F38E7C /* Main.storyboard in Resources */,
			);
			runOnlyForDeploymentPostprocessing = 0;
		};
		A925447329BBBD9F00F38E7C /* Resources */ = {
			isa = PBXResourcesBuildPhase;
			buildActionMask = 2147483647;
			files = (
			);
			runOnlyForDeploymentPostprocessing = 0;
		};
		A925447D29BBBD9F00F38E7C /* Resources */ = {
			isa = PBXResourcesBuildPhase;
			buildActionMask = 2147483647;
			files = (
			);
			runOnlyForDeploymentPostprocessing = 0;
		};
/* End PBXResourcesBuildPhase section */

/* Begin PBXSourcesBuildPhase section */
		A925445B29BBBD9D00F38E7C /* Sources */ = {
			isa = PBXSourcesBuildPhase;
			buildActionMask = 2147483647;
			files = (
				A925449429BBBE3300F38E7C /* TaskModel.xcdatamodeld in Sources */,
				A925446729BBBD9D00F38E7C /* ViewController.swift in Sources */,
				A925449829BBC5CD00F38E7C /* TaskTableViewCell.swift in Sources */,
				A925449629BBC50900F38E7C /* Task.swift in Sources */,
				A925446329BBBD9D00F38E7C /* AppDelegate.swift in Sources */,
				A925449A29BBCBCE00F38E7C /* CoreDataManager.swift in Sources */,
				A925446529BBBD9D00F38E7C /* SceneDelegate.swift in Sources */,
			);
			runOnlyForDeploymentPostprocessing = 0;
		};
		A925447129BBBD9F00F38E7C /* Sources */ = {
			isa = PBXSourcesBuildPhase;
			buildActionMask = 2147483647;
			files = (
				A925447A29BBBD9F00F38E7C /* ToDoList_MVCTests.swift in Sources */,
			);
			runOnlyForDeploymentPostprocessing = 0;
		};
		A925447B29BBBD9F00F38E7C /* Sources */ = {
			isa = PBXSourcesBuildPhase;
			buildActionMask = 2147483647;
			files = (
				A925448429BBBD9F00F38E7C /* ToDoList_MVCUITests.swift in Sources */,
				A925448629BBBD9F00F38E7C /* ToDoList_MVCUITestsLaunchTests.swift in Sources */,
			);
			runOnlyForDeploymentPostprocessing = 0;
		};
/* End PBXSourcesBuildPhase section */

/* Begin PBXTargetDependency section */
		A925447729BBBD9F00F38E7C /* PBXTargetDependency */ = {
			isa = PBXTargetDependency;
			target = A925445E29BBBD9D00F38E7C /* ToDoList-MVC */;
			targetProxy = A925447629BBBD9F00F38E7C /* PBXContainerItemProxy */;
		};
		A925448129BBBD9F00F38E7C /* PBXTargetDependency */ = {
			isa = PBXTargetDependency;
			target = A925445E29BBBD9D00F38E7C /* ToDoList-MVC */;
			targetProxy = A925448029BBBD9F00F38E7C /* PBXContainerItemProxy */;
		};
/* End PBXTargetDependency section */

/* Begin PBXVariantGroup section */
		A925446829BBBD9D00F38E7C /* Main.storyboard */ = {
			isa = PBXVariantGroup;
			children = (
				A925446929BBBD9D00F38E7C /* Base */,
			);
			name = Main.storyboard;
			sourceTree = "<group>";
		};
		A925446D29BBBD9F00F38E7C /* LaunchScreen.storyboard */ = {
			isa = PBXVariantGroup;
			children = (
				A925446E29BBBD9F00F38E7C /* Base */,
			);
			name = LaunchScreen.storyboard;
			sourceTree = "<group>";
		};
/* End PBXVariantGroup section */

/* Begin XCBuildConfiguration section */
		A925448729BBBD9F00F38E7C /* Debug */ = {
			isa = XCBuildConfiguration;
			buildSettings = {
				ALWAYS_SEARCH_USER_PATHS = NO;
				CLANG_ANALYZER_NONNULL = YES;
				CLANG_ANALYZER_NUMBER_OBJECT_CONVERSION = YES_AGGRESSIVE;
				CLANG_CXX_LANGUAGE_STANDARD = "gnu++20";
				CLANG_ENABLE_MODULES = YES;
				CLANG_ENABLE_OBJC_ARC = YES;
				CLANG_ENABLE_OBJC_WEAK = YES;
				CLANG_WARN_BLOCK_CAPTURE_AUTORELEASING = YES;
				CLANG_WARN_BOOL_CONVERSION = YES;
				CLANG_WARN_COMMA = YES;
				CLANG_WARN_CONSTANT_CONVERSION = YES;
				CLANG_WARN_DEPRECATED_OBJC_IMPLEMENTATIONS = YES;
				CLANG_WARN_DIRECT_OBJC_ISA_USAGE = YES_ERROR;
				CLANG_WARN_DOCUMENTATION_COMMENTS = YES;
				CLANG_WARN_EMPTY_BODY = YES;
				CLANG_WARN_ENUM_CONVERSION = YES;
				CLANG_WARN_INFINITE_RECURSION = YES;
				CLANG_WARN_INT_CONVERSION = YES;
				CLANG_WARN_NON_LITERAL_NULL_CONVERSION = YES;
				CLANG_WARN_OBJC_IMPLICIT_RETAIN_SELF = YES;
				CLANG_WARN_OBJC_LITERAL_CONVERSION = YES;
				CLANG_WARN_OBJC_ROOT_CLASS = YES_ERROR;
				CLANG_WARN_QUOTED_INCLUDE_IN_FRAMEWORK_HEADER = YES;
				CLANG_WARN_RANGE_LOOP_ANALYSIS = YES;
				CLANG_WARN_STRICT_PROTOTYPES = YES;
				CLANG_WARN_SUSPICIOUS_MOVE = YES;
				CLANG_WARN_UNGUARDED_AVAILABILITY = YES_AGGRESSIVE;
				CLANG_WARN_UNREACHABLE_CODE = YES;
				CLANG_WARN__DUPLICATE_METHOD_MATCH = YES;
				COPY_PHASE_STRIP = NO;
				DEBUG_INFORMATION_FORMAT = dwarf;
				ENABLE_STRICT_OBJC_MSGSEND = YES;
				ENABLE_TESTABILITY = YES;
				GCC_C_LANGUAGE_STANDARD = gnu11;
				GCC_DYNAMIC_NO_PIC = NO;
				GCC_NO_COMMON_BLOCKS = YES;
				GCC_OPTIMIZATION_LEVEL = 0;
				GCC_PREPROCESSOR_DEFINITIONS = (
					"DEBUG=1",
					"$(inherited)",
				);
				GCC_WARN_64_TO_32_BIT_CONVERSION = YES;
				GCC_WARN_ABOUT_RETURN_TYPE = YES_ERROR;
				GCC_WARN_UNDECLARED_SELECTOR = YES;
				GCC_WARN_UNINITIALIZED_AUTOS = YES_AGGRESSIVE;
				GCC_WARN_UNUSED_FUNCTION = YES;
				GCC_WARN_UNUSED_VARIABLE = YES;
				IPHONEOS_DEPLOYMENT_TARGET = 16.2;
				MTL_ENABLE_DEBUG_INFO = INCLUDE_SOURCE;
				MTL_FAST_MATH = YES;
				ONLY_ACTIVE_ARCH = YES;
				SDKROOT = iphoneos;
				SWIFT_ACTIVE_COMPILATION_CONDITIONS = DEBUG;
				SWIFT_OPTIMIZATION_LEVEL = "-Onone";
			};
			name = Debug;
		};
		A925448829BBBD9F00F38E7C /* Release */ = {
			isa = XCBuildConfiguration;
			buildSettings = {
				ALWAYS_SEARCH_USER_PATHS = NO;
				CLANG_ANALYZER_NONNULL = YES;
				CLANG_ANALYZER_NUMBER_OBJECT_CONVERSION = YES_AGGRESSIVE;
				CLANG_CXX_LANGUAGE_STANDARD = "gnu++20";
				CLANG_ENABLE_MODULES = YES;
				CLANG_ENABLE_OBJC_ARC = YES;
				CLANG_ENABLE_OBJC_WEAK = YES;
				CLANG_WARN_BLOCK_CAPTURE_AUTORELEASING = YES;
				CLANG_WARN_BOOL_CONVERSION = YES;
				CLANG_WARN_COMMA = YES;
				CLANG_WARN_CONSTANT_CONVERSION = YES;
				CLANG_WARN_DEPRECATED_OBJC_IMPLEMENTATIONS = YES;
				CLANG_WARN_DIRECT_OBJC_ISA_USAGE = YES_ERROR;
				CLANG_WARN_DOCUMENTATION_COMMENTS = YES;
				CLANG_WARN_EMPTY_BODY = YES;
				CLANG_WARN_ENUM_CONVERSION = YES;
				CLANG_WARN_INFINITE_RECURSION = YES;
				CLANG_WARN_INT_CONVERSION = YES;
				CLANG_WARN_NON_LITERAL_NULL_CONVERSION = YES;
				CLANG_WARN_OBJC_IMPLICIT_RETAIN_SELF = YES;
				CLANG_WARN_OBJC_LITERAL_CONVERSION = YES;
				CLANG_WARN_OBJC_ROOT_CLASS = YES_ERROR;
				CLANG_WARN_QUOTED_INCLUDE_IN_FRAMEWORK_HEADER = YES;
				CLANG_WARN_RANGE_LOOP_ANALYSIS = YES;
				CLANG_WARN_STRICT_PROTOTYPES = YES;
				CLANG_WARN_SUSPICIOUS_MOVE = YES;
				CLANG_WARN_UNGUARDED_AVAILABILITY = YES_AGGRESSIVE;
				CLANG_WARN_UNREACHABLE_CODE = YES;
				CLANG_WARN__DUPLICATE_METHOD_MATCH = YES;
				COPY_PHASE_STRIP = NO;
				DEBUG_INFORMATION_FORMAT = "dwarf-with-dsym";
				ENABLE_NS_ASSERTIONS = NO;
				ENABLE_STRICT_OBJC_MSGSEND = YES;
				GCC_C_LANGUAGE_STANDARD = gnu11;
				GCC_NO_COMMON_BLOCKS = YES;
				GCC_WARN_64_TO_32_BIT_CONVERSION = YES;
				GCC_WARN_ABOUT_RETURN_TYPE = YES_ERROR;
				GCC_WARN_UNDECLARED_SELECTOR = YES;
				GCC_WARN_UNINITIALIZED_AUTOS = YES_AGGRESSIVE;
				GCC_WARN_UNUSED_FUNCTION = YES;
				GCC_WARN_UNUSED_VARIABLE = YES;
				IPHONEOS_DEPLOYMENT_TARGET = 16.2;
				MTL_ENABLE_DEBUG_INFO = NO;
				MTL_FAST_MATH = YES;
				SDKROOT = iphoneos;
				SWIFT_COMPILATION_MODE = wholemodule;
				SWIFT_OPTIMIZATION_LEVEL = "-O";
				VALIDATE_PRODUCT = YES;
			};
			name = Release;
		};
		A925448A29BBBD9F00F38E7C /* Debug */ = {
			isa = XCBuildConfiguration;
			buildSettings = {
				ASSETCATALOG_COMPILER_APPICON_NAME = AppIcon;
				ASSETCATALOG_COMPILER_GLOBAL_ACCENT_COLOR_NAME = AccentColor;
				CODE_SIGN_STYLE = Automatic;
				CURRENT_PROJECT_VERSION = 1;
				DEVELOPMENT_TEAM = 25PH49W475;
				GENERATE_INFOPLIST_FILE = YES;
				INFOPLIST_FILE = "ToDoList-MVC/Info.plist";
				INFOPLIST_KEY_UIApplicationSupportsIndirectInputEvents = YES;
				INFOPLIST_KEY_UILaunchStoryboardName = LaunchScreen;
				INFOPLIST_KEY_UIMainStoryboardFile = Main;
				INFOPLIST_KEY_UISupportedInterfaceOrientations_iPad = "UIInterfaceOrientationPortrait UIInterfaceOrientationPortraitUpsideDown UIInterfaceOrientationLandscapeLeft UIInterfaceOrientationLandscapeRight";
				INFOPLIST_KEY_UISupportedInterfaceOrientations_iPhone = "UIInterfaceOrientationPortrait UIInterfaceOrientationLandscapeLeft UIInterfaceOrientationLandscapeRight";
				LD_RUNPATH_SEARCH_PATHS = (
					"$(inherited)",
					"@executable_path/Frameworks",
				);
				MARKETING_VERSION = 1.0;
				PRODUCT_BUNDLE_IDENTIFIER = "com.svd.gql.sbl.ToDoList-MVC";
				PRODUCT_NAME = "$(TARGET_NAME)";
				SWIFT_EMIT_LOC_STRINGS = YES;
				SWIFT_VERSION = 5.0;
				TARGETED_DEVICE_FAMILY = "1,2";
			};
			name = Debug;
		};
		A925448B29BBBD9F00F38E7C /* Release */ = {
			isa = XCBuildConfiguration;
			buildSettings = {
				ASSETCATALOG_COMPILER_APPICON_NAME = AppIcon;
				ASSETCATALOG_COMPILER_GLOBAL_ACCENT_COLOR_NAME = AccentColor;
				CODE_SIGN_STYLE = Automatic;
				CURRENT_PROJECT_VERSION = 1;
				DEVELOPMENT_TEAM = 25PH49W475;
				GENERATE_INFOPLIST_FILE = YES;
				INFOPLIST_FILE = "ToDoList-MVC/Info.plist";
				INFOPLIST_KEY_UIApplicationSupportsIndirectInputEvents = YES;
				INFOPLIST_KEY_UILaunchStoryboardName = LaunchScreen;
				INFOPLIST_KEY_UIMainStoryboardFile = Main;
				INFOPLIST_KEY_UISupportedInterfaceOrientations_iPad = "UIInterfaceOrientationPortrait UIInterfaceOrientationPortraitUpsideDown UIInterfaceOrientationLandscapeLeft UIInterfaceOrientationLandscapeRight";
				INFOPLIST_KEY_UISupportedInterfaceOrientations_iPhone = "UIInterfaceOrientationPortrait UIInterfaceOrientationLandscapeLeft UIInterfaceOrientationLandscapeRight";
				LD_RUNPATH_SEARCH_PATHS = (
					"$(inherited)",
					"@executable_path/Frameworks",
				);
				MARKETING_VERSION = 1.0;
				PRODUCT_BUNDLE_IDENTIFIER = "com.svd.gql.sbl.ToDoList-MVC";
				PRODUCT_NAME = "$(TARGET_NAME)";
				SWIFT_EMIT_LOC_STRINGS = YES;
				SWIFT_VERSION = 5.0;
				TARGETED_DEVICE_FAMILY = "1,2";
			};
			name = Release;
		};
		A925448D29BBBD9F00F38E7C /* Debug */ = {
			isa = XCBuildConfiguration;
			buildSettings = {
				ALWAYS_EMBED_SWIFT_STANDARD_LIBRARIES = YES;
				BUNDLE_LOADER = "$(TEST_HOST)";
				CODE_SIGN_STYLE = Automatic;
				CURRENT_PROJECT_VERSION = 1;
				DEVELOPMENT_TEAM = 25PH49W475;
				GENERATE_INFOPLIST_FILE = YES;
				IPHONEOS_DEPLOYMENT_TARGET = 16.2;
				MARKETING_VERSION = 1.0;
				PRODUCT_BUNDLE_IDENTIFIER = "com.svd.gql.sbl.ToDoList-MVCTests";
				PRODUCT_NAME = "$(TARGET_NAME)";
				SWIFT_EMIT_LOC_STRINGS = NO;
				SWIFT_VERSION = 5.0;
				TARGETED_DEVICE_FAMILY = "1,2";
				TEST_HOST = "$(BUILT_PRODUCTS_DIR)/ToDoList-MVC.app/$(BUNDLE_EXECUTABLE_FOLDER_PATH)/ToDoList-MVC";
			};
			name = Debug;
		};
		A925448E29BBBD9F00F38E7C /* Release */ = {
			isa = XCBuildConfiguration;
			buildSettings = {
				ALWAYS_EMBED_SWIFT_STANDARD_LIBRARIES = YES;
				BUNDLE_LOADER = "$(TEST_HOST)";
				CODE_SIGN_STYLE = Automatic;
				CURRENT_PROJECT_VERSION = 1;
				DEVELOPMENT_TEAM = 25PH49W475;
				GENERATE_INFOPLIST_FILE = YES;
				IPHONEOS_DEPLOYMENT_TARGET = 16.2;
				MARKETING_VERSION = 1.0;
				PRODUCT_BUNDLE_IDENTIFIER = "com.svd.gql.sbl.ToDoList-MVCTests";
				PRODUCT_NAME = "$(TARGET_NAME)";
				SWIFT_EMIT_LOC_STRINGS = NO;
				SWIFT_VERSION = 5.0;
				TARGETED_DEVICE_FAMILY = "1,2";
				TEST_HOST = "$(BUILT_PRODUCTS_DIR)/ToDoList-MVC.app/$(BUNDLE_EXECUTABLE_FOLDER_PATH)/ToDoList-MVC";
			};
			name = Release;
		};
		A925449029BBBD9F00F38E7C /* Debug */ = {
			isa = XCBuildConfiguration;
			buildSettings = {
				ALWAYS_EMBED_SWIFT_STANDARD_LIBRARIES = YES;
				CODE_SIGN_STYLE = Automatic;
				CURRENT_PROJECT_VERSION = 1;
				DEVELOPMENT_TEAM = 25PH49W475;
				GENERATE_INFOPLIST_FILE = YES;
				MARKETING_VERSION = 1.0;
				PRODUCT_BUNDLE_IDENTIFIER = "com.svd.gql.sbl.ToDoList-MVCUITests";
				PRODUCT_NAME = "$(TARGET_NAME)";
				SWIFT_EMIT_LOC_STRINGS = NO;
				SWIFT_VERSION = 5.0;
				TARGETED_DEVICE_FAMILY = "1,2";
				TEST_TARGET_NAME = "ToDoList-MVC";
			};
			name = Debug;
		};
		A925449129BBBD9F00F38E7C /* Release */ = {
			isa = XCBuildConfiguration;
			buildSettings = {
				ALWAYS_EMBED_SWIFT_STANDARD_LIBRARIES = YES;
				CODE_SIGN_STYLE = Automatic;
				CURRENT_PROJECT_VERSION = 1;
				DEVELOPMENT_TEAM = 25PH49W475;
				GENERATE_INFOPLIST_FILE = YES;
				MARKETING_VERSION = 1.0;
				PRODUCT_BUNDLE_IDENTIFIER = "com.svd.gql.sbl.ToDoList-MVCUITests";
				PRODUCT_NAME = "$(TARGET_NAME)";
				SWIFT_EMIT_LOC_STRINGS = NO;
				SWIFT_VERSION = 5.0;
				TARGETED_DEVICE_FAMILY = "1,2";
				TEST_TARGET_NAME = "ToDoList-MVC";
			};
			name = Release;
		};
/* End XCBuildConfiguration section */

/* Begin XCConfigurationList section */
		A925445A29BBBD9D00F38E7C /* Build configuration list for PBXProject "ToDoList-MVC" */ = {
			isa = XCConfigurationList;
			buildConfigurations = (
				A925448729BBBD9F00F38E7C /* Debug */,
				A925448829BBBD9F00F38E7C /* Release */,
			);
			defaultConfigurationIsVisible = 0;
			defaultConfigurationName = Release;
		};
		A925448929BBBD9F00F38E7C /* Build configuration list for PBXNativeTarget "ToDoList-MVC" */ = {
			isa = XCConfigurationList;
			buildConfigurations = (
				A925448A29BBBD9F00F38E7C /* Debug */,
				A925448B29BBBD9F00F38E7C /* Release */,
			);
			defaultConfigurationIsVisible = 0;
			defaultConfigurationName = Release;
		};
		A925448C29BBBD9F00F38E7C /* Build configuration list for PBXNativeTarget "ToDoList-MVCTests" */ = {
			isa = XCConfigurationList;
			buildConfigurations = (
				A925448D29BBBD9F00F38E7C /* Debug */,
				A925448E29BBBD9F00F38E7C /* Release */,
			);
			defaultConfigurationIsVisible = 0;
			defaultConfigurationName = Release;
		};
		A925448F29BBBD9F00F38E7C /* Build configuration list for PBXNativeTarget "ToDoList-MVCUITests" */ = {
			isa = XCConfigurationList;
			buildConfigurations = (
				A925449029BBBD9F00F38E7C /* Debug */,
				A925449129BBBD9F00F38E7C /* Release */,
			);
			defaultConfigurationIsVisible = 0;
			defaultConfigurationName = Release;
		};
/* End XCConfigurationList section */

/* Begin XCVersionGroup section */
		A925449229BBBE3300F38E7C /* TaskModel.xcdatamodeld */ = {
			isa = XCVersionGroup;
			children = (
				A925449329BBBE3300F38E7C /* Task.xcdatamodel */,
			);
			currentVersion = A925449329BBBE3300F38E7C /* Task.xcdatamodel */;
			path = TaskModel.xcdatamodeld;
			sourceTree = "<group>";
			versionGroupType = wrapper.xcdatamodel;
		};
/* End XCVersionGroup section */
	};
	rootObject = A925445729BBBD9D00F38E7C /* Project object */;
}
